
Microsoft Visual Studio Solution File, Format Version 12.00
# Visual Studio Version 17
VisualStudioVersion = 17.0.31903.59
MinimumVisualStudioVersion = 10.0.40219.1
Project("{FAE04EC0-301F-11D3-BF4B-00C04F79EFBC}") = "ScrollBinding-0.5.x", "ScrollBinding-0.5.x\ScrollBinding-0.5.x.csproj", "{ABADE3F0-F041-400C-9482-3550F370A859}"
EndProject
Project("{FAE04EC0-301F-11D3-BF4B-00C04F79EFBC}") = "ScrollBinding-0.6.x", "ScrollBinding-0.6.x\ScrollBinding-0.6.x.csproj", "{82C560FD-25E4-4C01-8B41-3E910B3CB18C}"
EndProject
Project("{FAE04EC0-301F-11D3-BF4B-00C04F79EFBC}") = "ScrollBinding-0.7.x", "ScrollBinding-0.7.x\ScrollBinding-0.7.x.csproj", "{FAEBC341-90D6-4752-9863-42599C1E3C0D}"
EndProject
Project("{FAE04EC0-301F-11D3-BF4B-00C04F79EFBC}") = "ScrollBinding.Lib", "ScrollBinding.Lib\ScrollBinding.Lib.csproj", "{C986D644-74EC-4D40-B397-F55629FE1049}"
EndProject
Project("{FAE04EC0-301F-11D3-BF4B-00C04F79EFBC}") = "ScrollBinding.Native", "ScrollBinding.Native\ScrollBinding.Native.csproj", "{8594BB58-9B4C-4D1D-89AF-7EB820C56877}"
EndProject
Global
	GlobalSection(SolutionConfigurationPlatforms) = preSolution
		Debug|Any CPU = Debug|Any CPU
		Release|Any CPU = Release|Any CPU
	EndGlobalSection
	GlobalSection(SolutionProperties) = preSolution
		HideSolutionNode = FALSE
	EndGlobalSection
	GlobalSection(ProjectConfigurationPlatforms) = postSolution
		{ABADE3F0-F041-400C-9482-3550F370A859}.Debug|Any CPU.ActiveCfg = Debug|Any CPU
		{ABADE3F0-F041-400C-9482-3550F370A859}.Debug|Any CPU.Build.0 = Debug|Any CPU
		{ABADE3F0-F041-400C-9482-3550F370A859}.Debug|x64.ActiveCfg = Debug|Any CPU
		{ABADE3F0-F041-400C-9482-3550F370A859}.Debug|x64.Build.0 = Debug|Any CPU
		{ABADE3F0-F041-400C-9482-3550F370A859}.Debug|x86.ActiveCfg = Debug|Any CPU
		{ABADE3F0-F041-400C-9482-3550F370A859}.Debug|x86.Build.0 = Debug|Any CPU
		{ABADE3F0-F041-400C-9482-3550F370A859}.Release|Any CPU.ActiveCfg = Release|Any CPU
		{ABADE3F0-F041-400C-9482-3550F370A859}.Release|Any CPU.Build.0 = Release|Any CPU
		{ABADE3F0-F041-400C-9482-3550F370A859}.Release|x64.ActiveCfg = Release|Any CPU
		{ABADE3F0-F041-400C-9482-3550F370A859}.Release|x64.Build.0 = Release|Any CPU
		{ABADE3F0-F041-400C-9482-3550F370A859}.Release|x86.ActiveCfg = Release|Any CPU
		{ABADE3F0-F041-400C-9482-3550F370A859}.Release|x86.Build.0 = Release|Any CPU
		{82C560FD-25E4-4C01-8B41-3E910B3CB18C}.Debug|Any CPU.ActiveCfg = Debug|Any CPU
		{82C560FD-25E4-4C01-8B41-3E910B3CB18C}.Debug|Any CPU.Build.0 = Debug|Any CPU
		{82C560FD-25E4-4C01-8B41-3E910B3CB18C}.Debug|x64.ActiveCfg = Debug|Any CPU
		{82C560FD-25E4-4C01-8B41-3E910B3CB18C}.Debug|x64.Build.0 = Debug|Any CPU
		{82C560FD-25E4-4C01-8B41-3E910B3CB18C}.Debug|x86.ActiveCfg = Debug|Any CPU
		{82C560FD-25E4-4C01-8B41-3E910B3CB18C}.Debug|x86.Build.0 = Debug|Any CPU
		{82C560FD-25E4-4C01-8B41-3E910B3CB18C}.Release|Any CPU.ActiveCfg = Release|Any CPU
		{82C560FD-25E4-4C01-8B41-3E910B3CB18C}.Release|Any CPU.Build.0 = Release|Any CPU
		{82C560FD-25E4-4C01-8B41-3E910B3CB18C}.Release|x64.ActiveCfg = Release|Any CPU
		{82C560FD-25E4-4C01-8B41-3E910B3CB18C}.Release|x64.Build.0 = Release|Any CPU
		{82C560FD-25E4-4C01-8B41-3E910B3CB18C}.Release|x86.ActiveCfg = Release|Any CPU
		{82C560FD-25E4-4C01-8B41-3E910B3CB18C}.Release|x86.Build.0 = Release|Any CPU
		{FAEBC341-90D6-4752-9863-42599C1E3C0D}.Debug|Any CPU.ActiveCfg = Debug|Any CPU
		{FAEBC341-90D6-4752-9863-42599C1E3C0D}.Debug|Any CPU.Build.0 = Debug|Any CPU
		{FAEBC341-90D6-4752-9863-42599C1E3C0D}.Debug|x64.ActiveCfg = Debug|Any CPU
		{FAEBC341-90D6-4752-9863-42599C1E3C0D}.Debug|x64.Build.0 = Debug|Any CPU
		{FAEBC341-90D6-4752-9863-42599C1E3C0D}.Debug|x86.ActiveCfg = Debug|Any CPU
		{FAEBC341-90D6-4752-9863-42599C1E3C0D}.Debug|x86.Build.0 = Debug|Any CPU
		{FAEBC341-90D6-4752-9863-42599C1E3C0D}.Release|Any CPU.ActiveCfg = Release|Any CPU
		{FAEBC341-90D6-4752-9863-42599C1E3C0D}.Release|Any CPU.Build.0 = Release|Any CPU
		{FAEBC341-90D6-4752-9863-42599C1E3C0D}.Release|x64.ActiveCfg = Release|Any CPU
		{FAEBC341-90D6-4752-9863-42599C1E3C0D}.Release|x64.Build.0 = Release|Any CPU
		{FAEBC341-90D6-4752-9863-42599C1E3C0D}.Release|x86.ActiveCfg = Release|Any CPU
		{FAEBC341-90D6-4752-9863-42599C1E3C0D}.Release|x86.Build.0 = Release|Any CPU
		{C986D644-74EC-4D40-B397-F55629FE1049}.Debug|Any CPU.ActiveCfg = Debug|Any CPU
		{C986D644-74EC-4D40-B397-F55629FE1049}.Debug|Any CPU.Build.0 = Debug|Any CPU
		{C986D644-74EC-4D40-B397-F55629FE1049}.Debug|x64.ActiveCfg = Debug|Any CPU
		{C986D644-74EC-4D40-B397-F55629FE1049}.Debug|x64.Build.0 = Debug|Any CPU
		{C986D644-74EC-4D40-B397-F55629FE1049}.Debug|x86.ActiveCfg = Debug|Any CPU
		{C986D644-74EC-4D40-B397-F55629FE1049}.Debug|x86.Build.0 = Debug|Any CPU
		{C986D644-74EC-4D40-B397-F55629FE1049}.Release|Any CPU.ActiveCfg = Release|Any CPU
		{C986D644-74EC-4D40-B397-F55629FE1049}.Release|Any CPU.Build.0 = Release|Any CPU
		{C986D644-74EC-4D40-B397-F55629FE1049}.Release|x64.ActiveCfg = Release|Any CPU
		{C986D644-74EC-4D40-B397-F55629FE1049}.Release|x64.Build.0 = Release|Any CPU
		{C986D644-74EC-4D40-B397-F55629FE1049}.Release|x86.ActiveCfg = Release|Any CPU
		{C986D644-74EC-4D40-B397-F55629FE1049}.Release|x86.Build.0 = Release|Any CPU
		{8594BB58-9B4C-4D1D-89AF-7EB820C56877}.Debug|Any CPU.ActiveCfg = Debug|Any CPU
		{8594BB58-9B4C-4D1D-89AF-7EB820C56877}.Debug|Any CPU.Build.0 = Debug|Any CPU
		{8594BB58-9B4C-4D1D-89AF-7EB820C56877}.Debug|x64.ActiveCfg = Debug|Any CPU
		{8594BB58-9B4C-4D1D-89AF-7EB820C56877}.Debug|x64.Build.0 = Debug|Any CPU
		{8594BB58-9B4C-4D1D-89AF-7EB820C56877}.Debug|x86.ActiveCfg = Debug|Any CPU
		{8594BB58-9B4C-4D1D-89AF-7EB820C56877}.Debug|x86.Build.0 = Debug|Any CPU
		{8594BB58-9B4C-4D1D-89AF-7EB820C56877}.Release|Any CPU.ActiveCfg = Release|Any CPU
		{8594BB58-9B4C-4D1D-89AF-7EB820C56877}.Release|Any CPU.Build.0 = Release|Any CPU
		{8594BB58-9B4C-4D1D-89AF-7EB820C56877}.Release|x64.ActiveCfg = Release|Any CPU
		{8594BB58-9B4C-4D1D-89AF-7EB820C56877}.Release|x64.Build.0 = Release|Any CPU
		{8594BB58-9B4C-4D1D-89AF-7EB820C56877}.Release|x86.ActiveCfg = Release|Any CPU
		{8594BB58-9B4C-4D1D-89AF-7EB820C56877}.Release|x86.Build.0 = Release|Any CPU
	EndGlobalSection
EndGlobal
